
Microsoft Visual Studio Solution File, Format Version 12.00
# Visual Studio Version 16
VisualStudioVersion = 16.0.29020.237
MinimumVisualStudioVersion = 10.0.40219.1
Project("{9A19103F-16F7-4668-BE54-9A1E7A4F7556}") = "01-HelloWorld", "01-HelloWorld\01-HelloWorld.csproj", "{BDD1D549-D5D2-43BA-AF01-765AF6E25594}"
EndProject
Project("{FAE04EC0-301F-11D3-BF4B-00C04F79EFBC}") = "Exercicio01", "Exercicio01\Exercicio01.csproj", "{D2922900-BAD4-4F11-A660-4023CD7FE434}"
EndProject
Global
	GlobalSection(SolutionConfigurationPlatforms) = preSolution
		Debug|Any CPU = Debug|Any CPU
		Release|Any CPU = Release|Any CPU
	EndGlobalSection
	GlobalSection(ProjectConfigurationPlatforms) = postSolution
		{BDD1D549-D5D2-43BA-AF01-765AF6E25594}.Debug|Any CPU.ActiveCfg = Debug|Any CPU
		{BDD1D549-D5D2-43BA-AF01-765AF6E25594}.Debug|Any CPU.Build.0 = Debug|Any CPU
		{BDD1D549-D5D2-43BA-AF01-765AF6E25594}.Release|Any CPU.ActiveCfg = Release|Any CPU
		{BDD1D549-D5D2-43BA-AF01-765AF6E25594}.Release|Any CPU.Build.0 = Release|Any CPU
		{D2922900-BAD4-4F11-A660-4023CD7FE434}.Debug|Any CPU.ActiveCfg = Debug|Any CPU
		{D2922900-BAD4-4F11-A660-4023CD7FE434}.Debug|Any CPU.Build.0 = Debug|Any CPU
		{D2922900-BAD4-4F11-A660-4023CD7FE434}.Release|Any CPU.ActiveCfg = Release|Any CPU
		{D2922900-BAD4-4F11-A660-4023CD7FE434}.Release|Any CPU.Build.0 = Release|Any CPU
	EndGlobalSection
	GlobalSection(SolutionProperties) = preSolution
		HideSolutionNode = FALSE
	EndGlobalSection
	GlobalSection(ExtensibilityGlobals) = postSolution
		SolutionGuid = {6ABC3488-0119-4655-9541-669C8E31F685}
	EndGlobalSection
EndGlobal
